
Microsoft Visual Studio Solution File, Format Version 12.00
# Visual Studio 15
VisualStudioVersion = 15.0.28307.757
MinimumVisualStudioVersion = 10.0.40219.1
Project("{FAE04EC0-301F-11D3-BF4B-00C04F79EFBC}") = "OurGames.UI", "OurGames.UI\OurGames.UI.csproj", "{92BBB09C-4D01-475F-A67D-3536BE5E86A1}"
EndProject
Project("{FAE04EC0-301F-11D3-BF4B-00C04F79EFBC}") = "OurGames.Common", "OurGames.Common\OurGames.Common.csproj", "{CF69602E-FD2C-4AAD-ABA4-E2E48B6F4482}"
EndProject
Project("{FAE04EC0-301F-11D3-BF4B-00C04F79EFBC}") = "OurGames.Repository", "OurGames.Repository\OurGames.Repository.csproj", "{17351379-9005-49BB-A4DB-37114CF2A03F}"
EndProject
Global
	GlobalSection(SolutionConfigurationPlatforms) = preSolution
		Debug|Any CPU = Debug|Any CPU
		Release|Any CPU = Release|Any CPU
	EndGlobalSection
	GlobalSection(ProjectConfigurationPlatforms) = postSolution
		{92BBB09C-4D01-475F-A67D-3536BE5E86A1}.Debug|Any CPU.ActiveCfg = Debug|Any CPU
		{92BBB09C-4D01-475F-A67D-3536BE5E86A1}.Debug|Any CPU.Build.0 = Debug|Any CPU
		{92BBB09C-4D01-475F-A67D-3536BE5E86A1}.Release|Any CPU.ActiveCfg = Release|Any CPU
		{92BBB09C-4D01-475F-A67D-3536BE5E86A1}.Release|Any CPU.Build.0 = Release|Any CPU
		{CF69602E-FD2C-4AAD-ABA4-E2E48B6F4482}.Debug|Any CPU.ActiveCfg = Debug|Any CPU
		{CF69602E-FD2C-4AAD-ABA4-E2E48B6F4482}.Debug|Any CPU.Build.0 = Debug|Any CPU
		{CF69602E-FD2C-4AAD-ABA4-E2E48B6F4482}.Release|Any CPU.ActiveCfg = Release|Any CPU
		{CF69602E-FD2C-4AAD-ABA4-E2E48B6F4482}.Release|Any CPU.Build.0 = Release|Any CPU
		{17351379-9005-49BB-A4DB-37114CF2A03F}.Debug|Any CPU.ActiveCfg = Debug|Any CPU
		{17351379-9005-49BB-A4DB-37114CF2A03F}.Debug|Any CPU.Build.0 = Debug|Any CPU
		{17351379-9005-49BB-A4DB-37114CF2A03F}.Release|Any CPU.ActiveCfg = Release|Any CPU
		{17351379-9005-49BB-A4DB-37114CF2A03F}.Release|Any CPU.Build.0 = Release|Any CPU
	EndGlobalSection
	GlobalSection(SolutionProperties) = preSolution
		HideSolutionNode = FALSE
	EndGlobalSection
	GlobalSection(ExtensibilityGlobals) = postSolution
		SolutionGuid = {3020D206-BE47-4963-9DB2-2E4FF8C99EA0}
	EndGlobalSection
EndGlobal
